
Microsoft Visual Studio Solution File, Format Version 12.00
# Visual Studio Version 17
VisualStudioVersion = 17.0.31903.59
MinimumVisualStudioVersion = 10.0.40219.1
Project("{2150E333-8FDC-42A3-9474-1A3956D46DE8}") = "src", "src", "{827E0CD3-B72D-47B6-A68D-7590B98EB39B}"
EndProject
Project("{FAE04EC0-301F-11D3-BF4B-00C04F79EFBC}") = "MyApp.Api", "src\MyApp.Api\MyApp.Api.csproj", "{41AF00E4-EB67-40BF-93C2-92A804FC97AD}"
EndProject
Project("{FAE04EC0-301F-11D3-BF4B-00C04F79EFBC}") = "MyApp.Interfaces", "src\MyApp.Interfaces\MyApp.Interfaces.csproj", "{52F65089-D443-4D06-8925-28FF32DC1C12}"
EndProject
Project("{FAE04EC0-301F-11D3-BF4B-00C04F79EFBC}") = "MyApp.Models", "src\MyApp.Models\MyApp.Models.csproj", "{0B35B736-FF1B-4BDD-BCC7-C7C96B258485}"
EndProject
Project("{FAE04EC0-301F-11D3-BF4B-00C04F79EFBC}") = "MyApp.Services", "src\MyApp.Services\MyApp.Services.csproj", "{6DC0F79F-28C3-4029-B373-219BF7BAAE5D}"
EndProject
Project("{FAE04EC0-301F-11D3-BF4B-00C04F79EFBC}") = "MyApp.Repositories", "src\MyApp.Repositories\MyApp.Repositories.csproj", "{136A949E-C8BC-44E1-B218-4467CB9A120D}"
EndProject
Project("{FAE04EC0-301F-11D3-BF4B-00C04F79EFBC}") = "MyApp.Core", "src\MyApp.Core\MyApp.Core.csproj", "{08F9CE93-6F3D-48CC-85A8-743C66C50727}"
EndProject
Project("{FAE04EC0-301F-11D3-BF4B-00C04F79EFBC}") = "MyApp.Messaging", "src\MyApp.Messaging\MyApp.Messaging.csproj", "{41B5EF11-CD0A-4E9F-96CE-5855CA866842}"
EndProject
Global
	GlobalSection(SolutionConfigurationPlatforms) = preSolution
		Debug|Any CPU = Debug|Any CPU
		Debug|x64 = Debug|x64
		Debug|x86 = Debug|x86
		Release|Any CPU = Release|Any CPU
		Release|x64 = Release|x64
		Release|x86 = Release|x86
	EndGlobalSection
	GlobalSection(ProjectConfigurationPlatforms) = postSolution
		{41AF00E4-EB67-40BF-93C2-92A804FC97AD}.Debug|Any CPU.ActiveCfg = Debug|Any CPU
		{41AF00E4-EB67-40BF-93C2-92A804FC97AD}.Debug|Any CPU.Build.0 = Debug|Any CPU
		{41AF00E4-EB67-40BF-93C2-92A804FC97AD}.Debug|x64.ActiveCfg = Debug|Any CPU
		{41AF00E4-EB67-40BF-93C2-92A804FC97AD}.Debug|x64.Build.0 = Debug|Any CPU
		{41AF00E4-EB67-40BF-93C2-92A804FC97AD}.Debug|x86.ActiveCfg = Debug|Any CPU
		{41AF00E4-EB67-40BF-93C2-92A804FC97AD}.Debug|x86.Build.0 = Debug|Any CPU
		{41AF00E4-EB67-40BF-93C2-92A804FC97AD}.Release|Any CPU.ActiveCfg = Release|Any CPU
		{41AF00E4-EB67-40BF-93C2-92A804FC97AD}.Release|Any CPU.Build.0 = Release|Any CPU
		{41AF00E4-EB67-40BF-93C2-92A804FC97AD}.Release|x64.ActiveCfg = Release|Any CPU
		{41AF00E4-EB67-40BF-93C2-92A804FC97AD}.Release|x64.Build.0 = Release|Any CPU
		{41AF00E4-EB67-40BF-93C2-92A804FC97AD}.Release|x86.ActiveCfg = Release|Any CPU
		{41AF00E4-EB67-40BF-93C2-92A804FC97AD}.Release|x86.Build.0 = Release|Any CPU
		{52F65089-D443-4D06-8925-28FF32DC1C12}.Debug|Any CPU.ActiveCfg = Debug|Any CPU
		{52F65089-D443-4D06-8925-28FF32DC1C12}.Debug|Any CPU.Build.0 = Debug|Any CPU
		{52F65089-D443-4D06-8925-28FF32DC1C12}.Debug|x64.ActiveCfg = Debug|Any CPU
		{52F65089-D443-4D06-8925-28FF32DC1C12}.Debug|x64.Build.0 = Debug|Any CPU
		{52F65089-D443-4D06-8925-28FF32DC1C12}.Debug|x86.ActiveCfg = Debug|Any CPU
		{52F65089-D443-4D06-8925-28FF32DC1C12}.Debug|x86.Build.0 = Debug|Any CPU
		{52F65089-D443-4D06-8925-28FF32DC1C12}.Release|Any CPU.ActiveCfg = Release|Any CPU
		{52F65089-D443-4D06-8925-28FF32DC1C12}.Release|Any CPU.Build.0 = Release|Any CPU
		{52F65089-D443-4D06-8925-28FF32DC1C12}.Release|x64.ActiveCfg = Release|Any CPU
		{52F65089-D443-4D06-8925-28FF32DC1C12}.Release|x64.Build.0 = Release|Any CPU
		{52F65089-D443-4D06-8925-28FF32DC1C12}.Release|x86.ActiveCfg = Release|Any CPU
		{52F65089-D443-4D06-8925-28FF32DC1C12}.Release|x86.Build.0 = Release|Any CPU
		{0B35B736-FF1B-4BDD-BCC7-C7C96B258485}.Debug|Any CPU.ActiveCfg = Debug|Any CPU
		{0B35B736-FF1B-4BDD-BCC7-C7C96B258485}.Debug|Any CPU.Build.0 = Debug|Any CPU
		{0B35B736-FF1B-4BDD-BCC7-C7C96B258485}.Debug|x64.ActiveCfg = Debug|Any CPU
		{0B35B736-FF1B-4BDD-BCC7-C7C96B258485}.Debug|x64.Build.0 = Debug|Any CPU
		{0B35B736-FF1B-4BDD-BCC7-C7C96B258485}.Debug|x86.ActiveCfg = Debug|Any CPU
		{0B35B736-FF1B-4BDD-BCC7-C7C96B258485}.Debug|x86.Build.0 = Debug|Any CPU
		{0B35B736-FF1B-4BDD-BCC7-C7C96B258485}.Release|Any CPU.ActiveCfg = Release|Any CPU
		{0B35B736-FF1B-4BDD-BCC7-C7C96B258485}.Release|Any CPU.Build.0 = Release|Any CPU
		{0B35B736-FF1B-4BDD-BCC7-C7C96B258485}.Release|x64.ActiveCfg = Release|Any CPU
		{0B35B736-FF1B-4BDD-BCC7-C7C96B258485}.Release|x64.Build.0 = Release|Any CPU
		{0B35B736-FF1B-4BDD-BCC7-C7C96B258485}.Release|x86.ActiveCfg = Release|Any CPU
		{0B35B736-FF1B-4BDD-BCC7-C7C96B258485}.Release|x86.Build.0 = Release|Any CPU
		{6DC0F79F-28C3-4029-B373-219BF7BAAE5D}.Debug|Any CPU.ActiveCfg = Debug|Any CPU
		{6DC0F79F-28C3-4029-B373-219BF7BAAE5D}.Debug|Any CPU.Build.0 = Debug|Any CPU
		{6DC0F79F-28C3-4029-B373-219BF7BAAE5D}.Debug|x64.ActiveCfg = Debug|Any CPU
		{6DC0F79F-28C3-4029-B373-219BF7BAAE5D}.Debug|x64.Build.0 = Debug|Any CPU
		{6DC0F79F-28C3-4029-B373-219BF7BAAE5D}.Debug|x86.ActiveCfg = Debug|Any CPU
		{6DC0F79F-28C3-4029-B373-219BF7BAAE5D}.Debug|x86.Build.0 = Debug|Any CPU
		{6DC0F79F-28C3-4029-B373-219BF7BAAE5D}.Release|Any CPU.ActiveCfg = Release|Any CPU
		{6DC0F79F-28C3-4029-B373-219BF7BAAE5D}.Release|Any CPU.Build.0 = Release|Any CPU
		{6DC0F79F-28C3-4029-B373-219BF7BAAE5D}.Release|x64.ActiveCfg = Release|Any CPU
		{6DC0F79F-28C3-4029-B373-219BF7BAAE5D}.Release|x64.Build.0 = Release|Any CPU
		{6DC0F79F-28C3-4029-B373-219BF7BAAE5D}.Release|x86.ActiveCfg = Release|Any CPU
		{6DC0F79F-28C3-4029-B373-219BF7BAAE5D}.Release|x86.Build.0 = Release|Any CPU
		{136A949E-C8BC-44E1-B218-4467CB9A120D}.Debug|Any CPU.ActiveCfg = Debug|Any CPU
		{136A949E-C8BC-44E1-B218-4467CB9A120D}.Debug|Any CPU.Build.0 = Debug|Any CPU
		{136A949E-C8BC-44E1-B218-4467CB9A120D}.Debug|x64.ActiveCfg = Debug|Any CPU
		{136A949E-C8BC-44E1-B218-4467CB9A120D}.Debug|x64.Build.0 = Debug|Any CPU
		{136A949E-C8BC-44E1-B218-4467CB9A120D}.Debug|x86.ActiveCfg = Debug|Any CPU
		{136A949E-C8BC-44E1-B218-4467CB9A120D}.Debug|x86.Build.0 = Debug|Any CPU
		{136A949E-C8BC-44E1-B218-4467CB9A120D}.Release|Any CPU.ActiveCfg = Release|Any CPU
		{136A949E-C8BC-44E1-B218-4467CB9A120D}.Release|Any CPU.Build.0 = Release|Any CPU
		{136A949E-C8BC-44E1-B218-4467CB9A120D}.Release|x64.ActiveCfg = Release|Any CPU
		{136A949E-C8BC-44E1-B218-4467CB9A120D}.Release|x64.Build.0 = Release|Any CPU
		{136A949E-C8BC-44E1-B218-4467CB9A120D}.Release|x86.ActiveCfg = Release|Any CPU
		{136A949E-C8BC-44E1-B218-4467CB9A120D}.Release|x86.Build.0 = Release|Any CPU
		{08F9CE93-6F3D-48CC-85A8-743C66C50727}.Debug|Any CPU.ActiveCfg = Debug|Any CPU
		{08F9CE93-6F3D-48CC-85A8-743C66C50727}.Debug|Any CPU.Build.0 = Debug|Any CPU
		{08F9CE93-6F3D-48CC-85A8-743C66C50727}.Debug|x64.ActiveCfg = Debug|Any CPU
		{08F9CE93-6F3D-48CC-85A8-743C66C50727}.Debug|x64.Build.0 = Debug|Any CPU
		{08F9CE93-6F3D-48CC-85A8-743C66C50727}.Debug|x86.ActiveCfg = Debug|Any CPU
		{08F9CE93-6F3D-48CC-85A8-743C66C50727}.Debug|x86.Build.0 = Debug|Any CPU
		{08F9CE93-6F3D-48CC-85A8-743C66C50727}.Release|Any CPU.ActiveCfg = Release|Any CPU
		{08F9CE93-6F3D-48CC-85A8-743C66C50727}.Release|Any CPU.Build.0 = Release|Any CPU
		{08F9CE93-6F3D-48CC-85A8-743C66C50727}.Release|x64.ActiveCfg = Release|Any CPU
		{08F9CE93-6F3D-48CC-85A8-743C66C50727}.Release|x64.Build.0 = Release|Any CPU
		{08F9CE93-6F3D-48CC-85A8-743C66C50727}.Release|x86.ActiveCfg = Release|Any CPU
		{08F9CE93-6F3D-48CC-85A8-743C66C50727}.Release|x86.Build.0 = Release|Any CPU
		{41B5EF11-CD0A-4E9F-96CE-5855CA866842}.Debug|Any CPU.ActiveCfg = Debug|Any CPU
		{41B5EF11-CD0A-4E9F-96CE-5855CA866842}.Debug|Any CPU.Build.0 = Debug|Any CPU
		{41B5EF11-CD0A-4E9F-96CE-5855CA866842}.Debug|x64.ActiveCfg = Debug|Any CPU
		{41B5EF11-CD0A-4E9F-96CE-5855CA866842}.Debug|x64.Build.0 = Debug|Any CPU
		{41B5EF11-CD0A-4E9F-96CE-5855CA866842}.Debug|x86.ActiveCfg = Debug|Any CPU
		{41B5EF11-CD0A-4E9F-96CE-5855CA866842}.Debug|x86.Build.0 = Debug|Any CPU
		{41B5EF11-CD0A-4E9F-96CE-5855CA866842}.Release|Any CPU.ActiveCfg = Release|Any CPU
		{41B5EF11-CD0A-4E9F-96CE-5855CA866842}.Release|Any CPU.Build.0 = Release|Any CPU
		{41B5EF11-CD0A-4E9F-96CE-5855CA866842}.Release|x64.ActiveCfg = Release|Any CPU
		{41B5EF11-CD0A-4E9F-96CE-5855CA866842}.Release|x64.Build.0 = Release|Any CPU
		{41B5EF11-CD0A-4E9F-96CE-5855CA866842}.Release|x86.ActiveCfg = Release|Any CPU
		{41B5EF11-CD0A-4E9F-96CE-5855CA866842}.Release|x86.Build.0 = Release|Any CPU
	EndGlobalSection
	GlobalSection(SolutionProperties) = preSolution
		HideSolutionNode = FALSE
	EndGlobalSection
	GlobalSection(NestedProjects) = preSolution
		{41AF00E4-EB67-40BF-93C2-92A804FC97AD} = {827E0CD3-B72D-47B6-A68D-7590B98EB39B}
		{52F65089-D443-4D06-8925-28FF32DC1C12} = {827E0CD3-B72D-47B6-A68D-7590B98EB39B}
		{0B35B736-FF1B-4BDD-BCC7-C7C96B258485} = {827E0CD3-B72D-47B6-A68D-7590B98EB39B}
		{6DC0F79F-28C3-4029-B373-219BF7BAAE5D} = {827E0CD3-B72D-47B6-A68D-7590B98EB39B}
		{136A949E-C8BC-44E1-B218-4467CB9A120D} = {827E0CD3-B72D-47B6-A68D-7590B98EB39B}
		{08F9CE93-6F3D-48CC-85A8-743C66C50727} = {827E0CD3-B72D-47B6-A68D-7590B98EB39B}
		{41B5EF11-CD0A-4E9F-96CE-5855CA866842} = {827E0CD3-B72D-47B6-A68D-7590B98EB39B}
	EndGlobalSection
EndGlobal
